
Microsoft Visual Studio Solution File, Format Version 12.00
# Visual Studio Version 16
VisualStudioVersion = 16.0.29728.190
MinimumVisualStudioVersion = 15.0.26124.0
Project("{2150E333-8FDC-42A3-9474-1A3956D46DE8}") = "src", "src", "{B414E166-192E-468E-8AD9-2CA29430CF14}"
	ProjectSection(SolutionItems) = preProject
		src\Directory.Build.props = src\Directory.Build.props
	EndProjectSection
EndProject
Project("{9A19103F-16F7-4668-BE54-9A1E7A4F7556}") = "FluentValidation.Reactive", "src\FluentValidation.Reactive\FluentValidation.Reactive.csproj", "{A3389D2E-6205-46FA-881A-4925CC5E1780}"
EndProject
Project("{9A19103F-16F7-4668-BE54-9A1E7A4F7556}") = "FluentValidation.Reactive.WPF", "src\FluentValidation.Reactive.WPF\FluentValidation.Reactive.WPF.csproj", "{889D6D42-6D06-4D27-883B-54D2B604194A}"
EndProject
Project("{2150E333-8FDC-42A3-9474-1A3956D46DE8}") = "Solution Items", "Solution Items", "{5B05686D-A7C6-4712-935E-10F5D2CB5E08}"
	ProjectSection(SolutionItems) = preProject
		Directory.Build.props = Directory.Build.props
	EndProjectSection
EndProject
Global
	GlobalSection(SolutionConfigurationPlatforms) = preSolution
		Debug|Any CPU = Debug|Any CPU
		Debug|x64 = Debug|x64
		Debug|x86 = Debug|x86
		Release|Any CPU = Release|Any CPU
		Release|x64 = Release|x64
		Release|x86 = Release|x86
	EndGlobalSection
	GlobalSection(ProjectConfigurationPlatforms) = postSolution
		{A3389D2E-6205-46FA-881A-4925CC5E1780}.Debug|Any CPU.ActiveCfg = Debug|Any CPU
		{A3389D2E-6205-46FA-881A-4925CC5E1780}.Debug|Any CPU.Build.0 = Debug|Any CPU
		{A3389D2E-6205-46FA-881A-4925CC5E1780}.Debug|x64.ActiveCfg = Debug|Any CPU
		{A3389D2E-6205-46FA-881A-4925CC5E1780}.Debug|x64.Build.0 = Debug|Any CPU
		{A3389D2E-6205-46FA-881A-4925CC5E1780}.Debug|x86.ActiveCfg = Debug|Any CPU
		{A3389D2E-6205-46FA-881A-4925CC5E1780}.Debug|x86.Build.0 = Debug|Any CPU
		{A3389D2E-6205-46FA-881A-4925CC5E1780}.Release|Any CPU.ActiveCfg = Release|Any CPU
		{A3389D2E-6205-46FA-881A-4925CC5E1780}.Release|Any CPU.Build.0 = Release|Any CPU
		{A3389D2E-6205-46FA-881A-4925CC5E1780}.Release|x64.ActiveCfg = Release|Any CPU
		{A3389D2E-6205-46FA-881A-4925CC5E1780}.Release|x64.Build.0 = Release|Any CPU
		{A3389D2E-6205-46FA-881A-4925CC5E1780}.Release|x86.ActiveCfg = Release|Any CPU
		{A3389D2E-6205-46FA-881A-4925CC5E1780}.Release|x86.Build.0 = Release|Any CPU
		{889D6D42-6D06-4D27-883B-54D2B604194A}.Debug|Any CPU.ActiveCfg = Debug|Any CPU
		{889D6D42-6D06-4D27-883B-54D2B604194A}.Debug|Any CPU.Build.0 = Debug|Any CPU
		{889D6D42-6D06-4D27-883B-54D2B604194A}.Debug|x64.ActiveCfg = Debug|Any CPU
		{889D6D42-6D06-4D27-883B-54D2B604194A}.Debug|x64.Build.0 = Debug|Any CPU
		{889D6D42-6D06-4D27-883B-54D2B604194A}.Debug|x86.ActiveCfg = Debug|Any CPU
		{889D6D42-6D06-4D27-883B-54D2B604194A}.Debug|x86.Build.0 = Debug|Any CPU
		{889D6D42-6D06-4D27-883B-54D2B604194A}.Release|Any CPU.ActiveCfg = Release|Any CPU
		{889D6D42-6D06-4D27-883B-54D2B604194A}.Release|Any CPU.Build.0 = Release|Any CPU
		{889D6D42-6D06-4D27-883B-54D2B604194A}.Release|x64.ActiveCfg = Release|Any CPU
		{889D6D42-6D06-4D27-883B-54D2B604194A}.Release|x64.Build.0 = Release|Any CPU
		{889D6D42-6D06-4D27-883B-54D2B604194A}.Release|x86.ActiveCfg = Release|Any CPU
		{889D6D42-6D06-4D27-883B-54D2B604194A}.Release|x86.Build.0 = Release|Any CPU
	EndGlobalSection
	GlobalSection(SolutionProperties) = preSolution
		HideSolutionNode = FALSE
	EndGlobalSection
	GlobalSection(NestedProjects) = preSolution
		{A3389D2E-6205-46FA-881A-4925CC5E1780} = {B414E166-192E-468E-8AD9-2CA29430CF14}
		{889D6D42-6D06-4D27-883B-54D2B604194A} = {B414E166-192E-468E-8AD9-2CA29430CF14}
	EndGlobalSection
	GlobalSection(ExtensibilityGlobals) = postSolution
		SolutionGuid = {FE3E3F09-9E70-4821-BEB8-50984BEF7F7F}
	EndGlobalSection
EndGlobal
